// !$*UTF8*$!
{
	archiveVersion = 1;
	classes = {
	};
	objectVersion = 46;
	objects = {

/* Begin PBXBuildFile section */
		2A1A33871CE1CFFB00AB704B /* Reachability.m in Sources */ = {isa = PBXBuildFile; fileRef = 2A1A33861CE1CFFB00AB704B /* Reachability.m */; };
		2A672FD91CDEEDEB0067872C /* ActivityViewController.swift in Sources */ = {isa = PBXBuildFile; fileRef = 2A672FD81CDEEDEB0067872C /* ActivityViewController.swift */; };
		2A67301A1CDF2BC70067872C /* MessageComposer.swift in Sources */ = {isa = PBXBuildFile; fileRef = 2A6730191CDF2BC70067872C /* MessageComposer.swift */; };
		3F185F251CD88CCD00EFE11B /* AppDelegate.swift in Sources */ = {isa = PBXBuildFile; fileRef = 3F185F241CD88CCD00EFE11B /* AppDelegate.swift */; };
		3F185F271CD88CCD00EFE11B /* FirstViewController.swift in Sources */ = {isa = PBXBuildFile; fileRef = 3F185F261CD88CCD00EFE11B /* FirstViewController.swift */; };
		3F185F291CD88CCD00EFE11B /* SecondViewController.swift in Sources */ = {isa = PBXBuildFile; fileRef = 3F185F281CD88CCD00EFE11B /* SecondViewController.swift */; };
		3F185F2C1CD88CCD00EFE11B /* Main.storyboard in Resources */ = {isa = PBXBuildFile; fileRef = 3F185F2A1CD88CCD00EFE11B /* Main.storyboard */; };
		3F185F2E1CD88CCD00EFE11B /* Assets.xcassets in Resources */ = {isa = PBXBuildFile; fileRef = 3F185F2D1CD88CCD00EFE11B /* Assets.xcassets */; };
		3F185F311CD88CCD00EFE11B /* LaunchScreen.storyboard in Resources */ = {isa = PBXBuildFile; fileRef = 3F185F2F1CD88CCD00EFE11B /* LaunchScreen.storyboard */; };
		3F185F391CD88CDF00EFE11B /* Utils.swift in Sources */ = {isa = PBXBuildFile; fileRef = 3F185F381CD88CDF00EFE11B /* Utils.swift */; };
		3F185F3D1CD89EDC00EFE11B /* LoginViewController.swift in Sources */ = {isa = PBXBuildFile; fileRef = 3F185F3C1CD89EDC00EFE11B /* LoginViewController.swift */; };
		3F185F421CD8CB3A00EFE11B /* DataManagement.swift in Sources */ = {isa = PBXBuildFile; fileRef = 3F185F411CD8CB3A00EFE11B /* DataManagement.swift */; };
		3F185F441CD8CBB300EFE11B /* libsqlite3.tbd in Frameworks */ = {isa = PBXBuildFile; fileRef = 3F185F431CD8CBB300EFE11B /* libsqlite3.tbd */; };
		3F185F481CD8CC2F00EFE11B /* Bridging-Header.m in Sources */ = {isa = PBXBuildFile; fileRef = 3F185F471CD8CC2F00EFE11B /* Bridging-Header.m */; };
		3F185F4B1CD8D37900EFE11B /* User.swift in Sources */ = {isa = PBXBuildFile; fileRef = 3F185F4A1CD8D37900EFE11B /* User.swift */; };
		3F185F4D1CD8D3BE00EFE11B /* Activity.swift in Sources */ = {isa = PBXBuildFile; fileRef = 3F185F4C1CD8D3BE00EFE11B /* Activity.swift */; };
		3F1CA31C1CDE0AC100076736 /* EmotionTrackingTests.swift in Sources */ = {isa = PBXBuildFile; fileRef = 3F1CA31B1CDE0AC100076736 /* EmotionTrackingTests.swift */; };
		3F1CA3241CDE0AD300076736 /* LoginUnitTesting.swift in Sources */ = {isa = PBXBuildFile; fileRef = 3F1CA3231CDE0AD300076736 /* LoginUnitTesting.swift */; };
		3F27DFAA1CDE2ED0006FBF0B /* DetailLocationView.swift in Sources */ = {isa = PBXBuildFile; fileRef = 3F27DFA81CDE2ED0006FBF0B /* DetailLocationView.swift */; };
		3F27DFAB1CDE2ED0006FBF0B /* LocationObject.swift in Sources */ = {isa = PBXBuildFile; fileRef = 3F27DFA91CDE2ED0006FBF0B /* LocationObject.swift */; };
		3F7E99E91CDB756F00EBC190 /* MessageUI.framework in Frameworks */ = {isa = PBXBuildFile; fileRef = 3F7E99E81CDB756F00EBC190 /* MessageUI.framework */; };
/* End PBXBuildFile section */

/* Begin PBXContainerItemProxy section */
		3F1CA31E1CDE0AC100076736 /* PBXContainerItemProxy */ = {
			isa = PBXContainerItemProxy;
			containerPortal = 3F185F191CD88CCD00EFE11B /* Project object */;
			proxyType = 1;
			remoteGlobalIDString = 3F185F201CD88CCD00EFE11B;
			remoteInfo = EmotionTracking;
		};
/* End PBXContainerItemProxy section */

/* Begin PBXFileReference section */
		2A1A33851CE1CFFB00AB704B /* Reachability.h */ = {isa = PBXFileReference; fileEncoding = 4; lastKnownFileType = sourcecode.c.h; name = Reachability.h; path = EmotionTracking/Reachability.h; sourceTree = "<group>"; };
		2A1A33861CE1CFFB00AB704B /* Reachability.m */ = {isa = PBXFileReference; fileEncoding = 4; lastKnownFileType = sourcecode.c.objc; name = Reachability.m; path = EmotionTracking/Reachability.m; sourceTree = "<group>"; };
		2A672FD81CDEEDEB0067872C /* ActivityViewController.swift */ = {isa = PBXFileReference; fileEncoding = 4; lastKnownFileType = sourcecode.swift; path = ActivityViewController.swift; sourceTree = "<group>"; };
		2A6730191CDF2BC70067872C /* MessageComposer.swift */ = {isa = PBXFileReference; fileEncoding = 4; lastKnownFileType = sourcecode.swift; path = MessageComposer.swift; sourceTree = "<group>"; };
		3F185F211CD88CCD00EFE11B /* EmotionTracking.app */ = {isa = PBXFileReference; explicitFileType = wrapper.application; includeInIndex = 0; path = EmotionTracking.app; sourceTree = BUILT_PRODUCTS_DIR; };
		3F185F241CD88CCD00EFE11B /* AppDelegate.swift */ = {isa = PBXFileReference; lastKnownFileType = sourcecode.swift; path = AppDelegate.swift; sourceTree = "<group>"; };
		3F185F261CD88CCD00EFE11B /* FirstViewController.swift */ = {isa = PBXFileReference; lastKnownFileType = sourcecode.swift; path = FirstViewController.swift; sourceTree = "<group>"; };
		3F185F281CD88CCD00EFE11B /* SecondViewController.swift */ = {isa = PBXFileReference; lastKnownFileType = sourcecode.swift; path = SecondViewController.swift; sourceTree = "<group>"; };
		3F185F2B1CD88CCD00EFE11B /* Base */ = {isa = PBXFileReference; lastKnownFileType = file.storyboard; name = Base; path = Base.lproj/Main.storyboard; sourceTree = "<group>"; };
		3F185F2D1CD88CCD00EFE11B /* Assets.xcassets */ = {isa = PBXFileReference; lastKnownFileType = folder.assetcatalog; path = Assets.xcassets; sourceTree = "<group>"; };
		3F185F301CD88CCD00EFE11B /* Base */ = {isa = PBXFileReference; lastKnownFileType = file.storyboard; name = Base; path = Base.lproj/LaunchScreen.storyboard; sourceTree = "<group>"; };
		3F185F321CD88CCD00EFE11B /* Info.plist */ = {isa = PBXFileReference; lastKnownFileType = text.plist.xml; path = Info.plist; sourceTree = "<group>"; };
		3F185F381CD88CDF00EFE11B /* Utils.swift */ = {isa = PBXFileReference; fileEncoding = 4; lastKnownFileType = sourcecode.swift; path = Utils.swift; sourceTree = "<group>"; };
		3F185F3C1CD89EDC00EFE11B /* LoginViewController.swift */ = {isa = PBXFileReference; fileEncoding = 4; lastKnownFileType = sourcecode.swift; name = LoginViewController.swift; path = ../LoginViewController.swift; sourceTree = "<group>"; };
		3F185F411CD8CB3A00EFE11B /* DataManagement.swift */ = {isa = PBXFileReference; fileEncoding = 4; lastKnownFileType = sourcecode.swift; path = DataManagement.swift; sourceTree = "<group>"; };
		3F185F431CD8CBB300EFE11B /* libsqlite3.tbd */ = {isa = PBXFileReference; lastKnownFileType = "sourcecode.text-based-dylib-definition"; name = libsqlite3.tbd; path = usr/lib/libsqlite3.tbd; sourceTree = SDKROOT; };
		3F185F461CD8CC2F00EFE11B /* EmotionTracking-Bridging-Header.h */ = {isa = PBXFileReference; lastKnownFileType = sourcecode.c.h; path = "EmotionTracking-Bridging-Header.h"; sourceTree = "<group>"; };
		3F185F471CD8CC2F00EFE11B /* Bridging-Header.m */ = {isa = PBXFileReference; fileEncoding = 4; lastKnownFileType = sourcecode.c.objc; path = "Bridging-Header.m"; sourceTree = "<group>"; };
		3F185F4A1CD8D37900EFE11B /* User.swift */ = {isa = PBXFileReference; fileEncoding = 4; lastKnownFileType = sourcecode.swift; path = User.swift; sourceTree = "<group>"; };
		3F185F4C1CD8D3BE00EFE11B /* Activity.swift */ = {isa = PBXFileReference; fileEncoding = 4; lastKnownFileType = sourcecode.swift; path = Activity.swift; sourceTree = "<group>"; };
		3F1CA3191CDE0AC100076736 /* EmotionTrackingTests.xctest */ = {isa = PBXFileReference; explicitFileType = wrapper.cfbundle; includeInIndex = 0; path = EmotionTrackingTests.xctest; sourceTree = BUILT_PRODUCTS_DIR; };
		3F1CA31B1CDE0AC100076736 /* EmotionTrackingTests.swift */ = {isa = PBXFileReference; lastKnownFileType = sourcecode.swift; path = EmotionTrackingTests.swift; sourceTree = "<group>"; };
		3F1CA31D1CDE0AC100076736 /* Info.plist */ = {isa = PBXFileReference; lastKnownFileType = text.plist.xml; path = Info.plist; sourceTree = "<group>"; };
		3F1CA3231CDE0AD300076736 /* LoginUnitTesting.swift */ = {isa = PBXFileReference; fileEncoding = 4; lastKnownFileType = sourcecode.swift; path = LoginUnitTesting.swift; sourceTree = "<group>"; };
		3F27DFA81CDE2ED0006FBF0B /* DetailLocationView.swift */ = {isa = PBXFileReference; fileEncoding = 4; lastKnownFileType = sourcecode.swift; path = DetailLocationView.swift; sourceTree = "<group>"; };
		3F27DFA91CDE2ED0006FBF0B /* LocationObject.swift */ = {isa = PBXFileReference; fileEncoding = 4; lastKnownFileType = sourcecode.swift; path = LocationObject.swift; sourceTree = "<group>"; };
		3F7E99E81CDB756F00EBC190 /* MessageUI.framework */ = {isa = PBXFileReference; lastKnownFileType = wrapper.framework; name = MessageUI.framework; path = System/Library/Frameworks/MessageUI.framework; sourceTree = SDKROOT; };
/* End PBXFileReference section */

/* Begin PBXFrameworksBuildPhase section */
		3F185F1E1CD88CCD00EFE11B /* Frameworks */ = {
			isa = PBXFrameworksBuildPhase;
			buildActionMask = 2147483647;
			files = (
				3F7E99E91CDB756F00EBC190 /* MessageUI.framework in Frameworks */,
				3F185F441CD8CBB300EFE11B /* libsqlite3.tbd in Frameworks */,
			);
			runOnlyForDeploymentPostprocessing = 0;
		};
		3F1CA3161CDE0AC100076736 /* Frameworks */ = {
			isa = PBXFrameworksBuildPhase;
			buildActionMask = 2147483647;
			files = (
			);
			runOnlyForDeploymentPostprocessing = 0;
		};
/* End PBXFrameworksBuildPhase section */

/* Begin PBXGroup section */
		2A4FDDC61CDDA3440033A50E /* Unit Testing */ = {
			isa = PBXGroup;
			children = (
			);
			name = "Unit Testing";
			sourceTree = "<group>";
		};
		3F185F181CD88CCD00EFE11B = {
			isa = PBXGroup;
			children = (
				2A1A33851CE1CFFB00AB704B /* Reachability.h */,
				2A1A33861CE1CFFB00AB704B /* Reachability.m */,
				3F1CA3231CDE0AD300076736 /* LoginUnitTesting.swift */,
				3F7E99E81CDB756F00EBC190 /* MessageUI.framework */,
				3F185F471CD8CC2F00EFE11B /* Bridging-Header.m */,
				3F185F431CD8CBB300EFE11B /* libsqlite3.tbd */,
				3F185F231CD88CCD00EFE11B /* EmotionTracking */,
				3F1CA31A1CDE0AC100076736 /* EmotionTrackingTests */,
				3F185F221CD88CCD00EFE11B /* Products */,
				2A4FDDC61CDDA3440033A50E /* Unit Testing */,
				3F185F461CD8CC2F00EFE11B /* EmotionTracking-Bridging-Header.h */,
			);
			sourceTree = "<group>";
		};
		3F185F221CD88CCD00EFE11B /* Products */ = {
			isa = PBXGroup;
			children = (
				3F185F211CD88CCD00EFE11B /* EmotionTracking.app */,
				3F1CA3191CDE0AC100076736 /* EmotionTrackingTests.xctest */,
			);
			name = Products;
			sourceTree = "<group>";
		};
		3F185F231CD88CCD00EFE11B /* EmotionTracking */ = {
			isa = PBXGroup;
			children = (
				3F185F241CD88CCD00EFE11B /* AppDelegate.swift */,
				3F185F491CD8D35D00EFE11B /* DataManagement */,
				2A6730191CDF2BC70067872C /* MessageComposer.swift */,
				2A672FD81CDEEDEB0067872C /* ActivityViewController.swift */,
				3F27DFA81CDE2ED0006FBF0B /* DetailLocationView.swift */,
				3F185F3C1CD89EDC00EFE11B /* LoginViewController.swift */,
				3F185F261CD88CCD00EFE11B /* FirstViewController.swift */,
				3F185F281CD88CCD00EFE11B /* SecondViewController.swift */,
				3F185F381CD88CDF00EFE11B /* Utils.swift */,
				3F185F2A1CD88CCD00EFE11B /* Main.storyboard */,
				3F185F2F1CD88CCD00EFE11B /* LaunchScreen.storyboard */,
				3F185F321CD88CCD00EFE11B /* Info.plist */,
				3F185F2D1CD88CCD00EFE11B /* Assets.xcassets */,
			);
			path = EmotionTracking;
			sourceTree = "<group>";
		};
		3F185F491CD8D35D00EFE11B /* DataManagement */ = {
			isa = PBXGroup;
			children = (
				3F27DFA91CDE2ED0006FBF0B /* LocationObject.swift */,
				3F185F411CD8CB3A00EFE11B /* DataManagement.swift */,
				3F185F4A1CD8D37900EFE11B /* User.swift */,
				3F185F4C1CD8D3BE00EFE11B /* Activity.swift */,
			);
			name = DataManagement;
			sourceTree = "<group>";
		};
		3F1CA31A1CDE0AC100076736 /* EmotionTrackingTests */ = {
			isa = PBXGroup;
			children = (
				3F1CA31B1CDE0AC100076736 /* EmotionTrackingTests.swift */,
				3F1CA31D1CDE0AC100076736 /* Info.plist */,
			);
			path = EmotionTrackingTests;
			sourceTree = "<group>";
		};
/* End PBXGroup section */

/* Begin PBXNativeTarget section */
		3F185F201CD88CCD00EFE11B /* EmotionTracking */ = {
			isa = PBXNativeTarget;
			buildConfigurationList = 3F185F351CD88CCD00EFE11B /* Build configuration list for PBXNativeTarget "EmotionTracking" */;
			buildPhases = (
				3F185F1D1CD88CCD00EFE11B /* Sources */,
				3F185F1E1CD88CCD00EFE11B /* Frameworks */,
				3F185F1F1CD88CCD00EFE11B /* Resources */,
			);
			buildRules = (
			);
			dependencies = (
			);
			name = EmotionTracking;
			productName = EmotionTracking;
			productReference = 3F185F211CD88CCD00EFE11B /* EmotionTracking.app */;
			productType = "com.apple.product-type.application";
		};
		3F1CA3181CDE0AC100076736 /* EmotionTrackingTests */ = {
			isa = PBXNativeTarget;
			buildConfigurationList = 3F1CA3221CDE0AC100076736 /* Build configuration list for PBXNativeTarget "EmotionTrackingTests" */;
			buildPhases = (
				3F1CA3151CDE0AC100076736 /* Sources */,
				3F1CA3161CDE0AC100076736 /* Frameworks */,
				3F1CA3171CDE0AC100076736 /* Resources */,
			);
			buildRules = (
			);
			dependencies = (
				3F1CA31F1CDE0AC100076736 /* PBXTargetDependency */,
			);
			name = EmotionTrackingTests;
			productName = EmotionTrackingTests;
			productReference = 3F1CA3191CDE0AC100076736 /* EmotionTrackingTests.xctest */;
			productType = "com.apple.product-type.bundle.unit-test";
		};
/* End PBXNativeTarget section */

/* Begin PBXProject section */
		3F185F191CD88CCD00EFE11B /* Project object */ = {
			isa = PBXProject;
			attributes = {
				LastSwiftUpdateCheck = 0730;
				LastUpgradeCheck = 0730;
				ORGANIZATIONNAME = NguyenTrung;
				TargetAttributes = {
					3F185F201CD88CCD00EFE11B = {
						CreatedOnToolsVersion = 7.3;
						DevelopmentTeam = 2RD5ZQZFXS;
					};
					3F1CA3181CDE0AC100076736 = {
						CreatedOnToolsVersion = 7.3;
						TestTargetID = 3F185F201CD88CCD00EFE11B;
					};
				};
			};
			buildConfigurationList = 3F185F1C1CD88CCD00EFE11B /* Build configuration list for PBXProject "EmotionTracking" */;
			compatibilityVersion = "Xcode 3.2";
			developmentRegion = English;
			hasScannedForEncodings = 0;
			knownRegions = (
				en,
				Base,
			);
			mainGroup = 3F185F181CD88CCD00EFE11B;
			productRefGroup = 3F185F221CD88CCD00EFE11B /* Products */;
			projectDirPath = "";
			projectRoot = "";
			targets = (
				3F185F201CD88CCD00EFE11B /* EmotionTracking */,
				3F1CA3181CDE0AC100076736 /* EmotionTrackingTests */,
			);
		};
/* End PBXProject section */

/* Begin PBXResourcesBuildPhase section */
		3F185F1F1CD88CCD00EFE11B /* Resources */ = {
			isa = PBXResourcesBuildPhase;
			buildActionMask = 2147483647;
			files = (
				3F185F311CD88CCD00EFE11B /* LaunchScreen.storyboard in Resources */,
				3F185F2E1CD88CCD00EFE11B /* Assets.xcassets in Resources */,
				3F185F2C1CD88CCD00EFE11B /* Main.storyboard in Resources */,
			);
			runOnlyForDeploymentPostprocessing = 0;
		};
		3F1CA3171CDE0AC100076736 /* Resources */ = {
			isa = PBXResourcesBuildPhase;
			buildActionMask = 2147483647;
			files = (
			);
			runOnlyForDeploymentPostprocessing = 0;
		};
/* End PBXResourcesBuildPhase section */

/* Begin PBXSourcesBuildPhase section */
		3F185F1D1CD88CCD00EFE11B /* Sources */ = {
			isa = PBXSourcesBuildPhase;
			buildActionMask = 2147483647;
			files = (
				3F185F291CD88CCD00EFE11B /* SecondViewController.swift in Sources */,
				3F185F251CD88CCD00EFE11B /* AppDelegate.swift in Sources */,
				3F185F421CD8CB3A00EFE11B /* DataManagement.swift in Sources */,
				3F185F481CD8CC2F00EFE11B /* Bridging-Header.m in Sources */,
				3F27DFAB1CDE2ED0006FBF0B /* LocationObject.swift in Sources */,
				3F185F4B1CD8D37900EFE11B /* User.swift in Sources */,
				3F27DFAA1CDE2ED0006FBF0B /* DetailLocationView.swift in Sources */,
				3F185F271CD88CCD00EFE11B /* FirstViewController.swift in Sources */,
				2A67301A1CDF2BC70067872C /* MessageComposer.swift in Sources */,
				3F185F4D1CD8D3BE00EFE11B /* Activity.swift in Sources */,
				2A1A33871CE1CFFB00AB704B /* Reachability.m in Sources */,
				3F185F3D1CD89EDC00EFE11B /* LoginViewController.swift in Sources */,
				2A672FD91CDEEDEB0067872C /* ActivityViewController.swift in Sources */,
				3F185F391CD88CDF00EFE11B /* Utils.swift in Sources */,
			);
			runOnlyForDeploymentPostprocessing = 0;
		};
		3F1CA3151CDE0AC100076736 /* Sources */ = {
			isa = PBXSourcesBuildPhase;
			buildActionMask = 2147483647;
			files = (
				3F1CA3241CDE0AD300076736 /* LoginUnitTesting.swift in Sources */,
				3F1CA31C1CDE0AC100076736 /* EmotionTrackingTests.swift in Sources */,
			);
			runOnlyForDeploymentPostprocessing = 0;
		};
/* End PBXSourcesBuildPhase section */

/* Begin PBXTargetDependency section */
		3F1CA31F1CDE0AC100076736 /* PBXTargetDependency */ = {
			isa = PBXTargetDependency;
			target = 3F185F201CD88CCD00EFE11B /* EmotionTracking */;
			targetProxy = 3F1CA31E1CDE0AC100076736 /* PBXContainerItemProxy */;
		};
/* End PBXTargetDependency section */

/* Begin PBXVariantGroup section */
		3F185F2A1CD88CCD00EFE11B /* Main.storyboard */ = {
			isa = PBXVariantGroup;
			children = (
				3F185F2B1CD88CCD00EFE11B /* Base */,
			);
			name = Main.storyboard;
			sourceTree = "<group>";
		};
		3F185F2F1CD88CCD00EFE11B /* LaunchScreen.storyboard */ = {
			isa = PBXVariantGroup;
			children = (
				3F185F301CD88CCD00EFE11B /* Base */,
			);
			name = LaunchScreen.storyboard;
			sourceTree = "<group>";
		};
/* End PBXVariantGroup section */

/* Begin XCBuildConfiguration section */
		3F185F331CD88CCD00EFE11B /* Debug */ = {
			isa = XCBuildConfiguration;
			buildSettings = {
				ALWAYS_SEARCH_USER_PATHS = NO;
				CLANG_ANALYZER_NONNULL = YES;
				CLANG_CXX_LANGUAGE_STANDARD = "gnu++0x";
				CLANG_CXX_LIBRARY = "libc++";
				CLANG_ENABLE_MODULES = YES;
				CLANG_ENABLE_OBJC_ARC = YES;
				CLANG_WARN_BOOL_CONVERSION = YES;
				CLANG_WARN_CONSTANT_CONVERSION = YES;
				CLANG_WARN_DIRECT_OBJC_ISA_USAGE = YES_ERROR;
				CLANG_WARN_EMPTY_BODY = YES;
				CLANG_WARN_ENUM_CONVERSION = YES;
				CLANG_WARN_INT_CONVERSION = YES;
				CLANG_WARN_OBJC_ROOT_CLASS = YES_ERROR;
				CLANG_WARN_UNREACHABLE_CODE = YES;
				CLANG_WARN__DUPLICATE_METHOD_MATCH = YES;
				"CODE_SIGN_IDENTITY[sdk=iphoneos*]" = "iPhone Developer";
				COPY_PHASE_STRIP = NO;
				DEBUG_INFORMATION_FORMAT = dwarf;
				ENABLE_STRICT_OBJC_MSGSEND = YES;
				ENABLE_TESTABILITY = YES;
				GCC_C_LANGUAGE_STANDARD = gnu99;
				GCC_DYNAMIC_NO_PIC = NO;
				GCC_NO_COMMON_BLOCKS = YES;
				GCC_OPTIMIZATION_LEVEL = 0;
				GCC_PREPROCESSOR_DEFINITIONS = (
					"DEBUG=1",
					"$(inherited)",
				);
				GCC_WARN_64_TO_32_BIT_CONVERSION = YES;
				GCC_WARN_ABOUT_RETURN_TYPE = YES_ERROR;
				GCC_WARN_UNDECLARED_SELECTOR = YES;
				GCC_WARN_UNINITIALIZED_AUTOS = YES_AGGRESSIVE;
				GCC_WARN_UNUSED_FUNCTION = YES;
				GCC_WARN_UNUSED_VARIABLE = YES;
				IPHONEOS_DEPLOYMENT_TARGET = 9.3;
				MTL_ENABLE_DEBUG_INFO = YES;
				ONLY_ACTIVE_ARCH = YES;
				SDKROOT = iphoneos;
				SWIFT_OPTIMIZATION_LEVEL = "-Onone";
			};
			name = Debug;
		};
		3F185F341CD88CCD00EFE11B /* Release */ = {
			isa = XCBuildConfiguration;
			buildSettings = {
				ALWAYS_SEARCH_USER_PATHS = NO;
				CLANG_ANALYZER_NONNULL = YES;
				CLANG_CXX_LANGUAGE_STANDARD = "gnu++0x";
				CLANG_CXX_LIBRARY = "libc++";
				CLANG_ENABLE_MODULES = YES;
				CLANG_ENABLE_OBJC_ARC = YES;
				CLANG_WARN_BOOL_CONVERSION = YES;
				CLANG_WARN_CONSTANT_CONVERSION = YES;
				CLANG_WARN_DIRECT_OBJC_ISA_USAGE = YES_ERROR;
				CLANG_WARN_EMPTY_BODY = YES;
				CLANG_WARN_ENUM_CONVERSION = YES;
				CLANG_WARN_INT_CONVERSION = YES;
				CLANG_WARN_OBJC_ROOT_CLASS = YES_ERROR;
				CLANG_WARN_UNREACHABLE_CODE = YES;
				CLANG_WARN__DUPLICATE_METHOD_MATCH = YES;
				"CODE_SIGN_IDENTITY[sdk=iphoneos*]" = "iPhone Developer";
				COPY_PHASE_STRIP = NO;
				DEBUG_INFORMATION_FORMAT = "dwarf-with-dsym";
				ENABLE_NS_ASSERTIONS = NO;
				ENABLE_STRICT_OBJC_MSGSEND = YES;
				GCC_C_LANGUAGE_STANDARD = gnu99;
				GCC_NO_COMMON_BLOCKS = YES;
				GCC_WARN_64_TO_32_BIT_CONVERSION = YES;
				GCC_WARN_ABOUT_RETURN_TYPE = YES_ERROR;
				GCC_WARN_UNDECLARED_SELECTOR = YES;
				GCC_WARN_UNINITIALIZED_AUTOS = YES_AGGRESSIVE;
				GCC_WARN_UNUSED_FUNCTION = YES;
				GCC_WARN_UNUSED_VARIABLE = YES;
				IPHONEOS_DEPLOYMENT_TARGET = 9.3;
				MTL_ENABLE_DEBUG_INFO = NO;
				SDKROOT = iphoneos;
				VALIDATE_PRODUCT = YES;
			};
			name = Release;
		};
		3F185F361CD88CCD00EFE11B /* Debug */ = {
			isa = XCBuildConfiguration;
			buildSettings = {
				ASSETCATALOG_COMPILER_APPICON_NAME = AppIcon;
				CLANG_ENABLE_MODULES = YES;
				CODE_SIGN_IDENTITY = "iPhone Developer";
				"CODE_SIGN_IDENTITY[sdk=iphoneos*]" = "iPhone Developer";
				INFOPLIST_FILE = EmotionTracking/Info.plist;
				LD_RUNPATH_SEARCH_PATHS = "$(inherited) @executable_path/Frameworks";
				PRODUCT_BUNDLE_IDENTIFIER = sg.edu.nus.iss.wlad.chenyao;
				PRODUCT_NAME = "$(TARGET_NAME)";
				PROVISIONING_PROFILE = "";
				SWIFT_OBJC_BRIDGING_HEADER = "EmotionTracking-Bridging-Header.h";
				SWIFT_OPTIMIZATION_LEVEL = "-Onone";
			};
			name = Debug;
		};
		3F185F371CD88CCD00EFE11B /* Release */ = {
			isa = XCBuildConfiguration;
			buildSettings = {
				ASSETCATALOG_COMPILER_APPICON_NAME = AppIcon;
				CLANG_ENABLE_MODULES = YES;
				CODE_SIGN_IDENTITY = "iPhone Developer";
				"CODE_SIGN_IDENTITY[sdk=iphoneos*]" = "iPhone Developer";
				INFOPLIST_FILE = EmotionTracking/Info.plist;
				LD_RUNPATH_SEARCH_PATHS = "$(inherited) @executable_path/Frameworks";
				PRODUCT_BUNDLE_IDENTIFIER = sg.edu.nus.iss.wlad.chenyao;
				PRODUCT_NAME = "$(TARGET_NAME)";
				PROVISIONING_PROFILE = "";
				SWIFT_OBJC_BRIDGING_HEADER = "EmotionTracking-Bridging-Header.h";
				SWIFT_OPTIMIZATION_LEVEL = "-Onone";
			};
			name = Release;
		};
		3F1CA3201CDE0AC100076736 /* Debug */ = {
			isa = XCBuildConfiguration;
			buildSettings = {
				BUNDLE_LOADER = "$(TEST_HOST)";
				INFOPLIST_FILE = EmotionTrackingTests/Info.plist;
				LD_RUNPATH_SEARCH_PATHS = "$(inherited) @executable_path/Frameworks @loader_path/Frameworks";
				PRODUCT_BUNDLE_IDENTIFIER = sg.edu.nus.iss.wlad.EmotionTrackingTests;
				PRODUCT_NAME = "$(TARGET_NAME)";
				TEST_HOST = "$(BUILT_PRODUCTS_DIR)/EmotionTracking.app/EmotionTracking";
			};
			name = Debug;
		};
		3F1CA3211CDE0AC100076736 /* Release */ = {
			isa = XCBuildConfiguration;
			buildSettings = {
				BUNDLE_LOADER = "$(TEST_HOST)";
				INFOPLIST_FILE = EmotionTrackingTests/Info.plist;
				LD_RUNPATH_SEARCH_PATHS = "$(inherited) @executable_path/Frameworks @loader_path/Frameworks";
				PRODUCT_BUNDLE_IDENTIFIER = sg.edu.nus.iss.wlad.EmotionTrackingTests;
				PRODUCT_NAME = "$(TARGET_NAME)";
				TEST_HOST = "$(BUILT_PRODUCTS_DIR)/EmotionTracking.app/EmotionTracking";
			};
			name = Release;
		};
/* End XCBuildConfiguration section */

/* Begin XCConfigurationList section */
		3F185F1C1CD88CCD00EFE11B /* Build configuration list for PBXProject "EmotionTracking" */ = {
			isa = XCConfigurationList;
			buildConfigurations = (
				3F185F331CD88CCD00EFE11B /* Debug */,
				3F185F341CD88CCD00EFE11B /* Release */,
			);
			defaultConfigurationIsVisible = 0;
			defaultConfigurationName = Release;
		};
		3F185F351CD88CCD00EFE11B /* Build configuration list for PBXNativeTarget "EmotionTracking" */ = {
			isa = XCConfigurationList;
			buildConfigurations = (
				3F185F361CD88CCD00EFE11B /* Debug */,
				3F185F371CD88CCD00EFE11B /* Release */,
			);
			defaultConfigurationIsVisible = 0;
			defaultConfigurationName = Release;
		};
		3F1CA3221CDE0AC100076736 /* Build configuration list for PBXNativeTarget "EmotionTrackingTests" */ = {
			isa = XCConfigurationList;
			buildConfigurations = (
				3F1CA3201CDE0AC100076736 /* Debug */,
				3F1CA3211CDE0AC100076736 /* Release */,
			);
			defaultConfigurationIsVisible = 0;
			defaultConfigurationName = Release;
		};
/* End XCConfigurationList section */
	};
	rootObject = 3F185F191CD88CCD00EFE11B /* Project object */;
}
